
Microsoft Visual Studio Solution File, Format Version 12.00
# Visual Studio Version 17
VisualStudioVersion = 17.4.33403.182
MinimumVisualStudioVersion = 10.0.40219.1
Project("{FAE04EC0-301F-11D3-BF4B-00C04F79EFBC}") = "Estrutura_Condicional_Encadeamento", "Estrutura_Condicional_Encadeamento\Estrutura_Condicional_Encadeamento.csproj", "{8E65A5EF-6537-4044-8F57-62034C926A9D}"
EndProject
Global
	GlobalSection(SolutionConfigurationPlatforms) = preSolution
		Debug|Any CPU = Debug|Any CPU
		Release|Any CPU = Release|Any CPU
	EndGlobalSection
	GlobalSection(ProjectConfigurationPlatforms) = postSolution
		{8E65A5EF-6537-4044-8F57-62034C926A9D}.Debug|Any CPU.ActiveCfg = Debug|Any CPU
		{8E65A5EF-6537-4044-8F57-62034C926A9D}.Debug|Any CPU.Build.0 = Debug|Any CPU
		{8E65A5EF-6537-4044-8F57-62034C926A9D}.Release|Any CPU.ActiveCfg = Release|Any CPU
		{8E65A5EF-6537-4044-8F57-62034C926A9D}.Release|Any CPU.Build.0 = Release|Any CPU
	EndGlobalSection
	GlobalSection(SolutionProperties) = preSolution
		HideSolutionNode = FALSE
	EndGlobalSection
	GlobalSection(ExtensibilityGlobals) = postSolution
		SolutionGuid = {72B1DA78-539F-4125-8F25-E3369845AB36}
	EndGlobalSection
EndGlobal
